
Microsoft Visual Studio Solution File, Format Version 12.00
# Visual Studio 15
VisualStudioVersion = 15.0.27004.2008
MinimumVisualStudioVersion = 10.0.40219.1
Project("{FAE04EC0-301F-11D3-BF4B-00C04F79EFBC}") = "Eshop", "Eshop\Eshop.csproj", "{5C6ACA3D-32BB-4DC3-8C85-E2AEAD5F3939}"
EndProject
Project("{FAE04EC0-301F-11D3-BF4B-00C04F79EFBC}") = "Eshop.Data", "Eshop.Data\Eshop.Data.csproj", "{DEEF1228-EB45-4EAC-A945-6FBE2625D149}"
EndProject
Project("{FAE04EC0-301F-11D3-BF4B-00C04F79EFBC}") = "Eshop.BusinessLogic", "Eshop.BusinessLogic\Eshop.BusinessLogic.csproj", "{0967B2E5-C9B0-4741-A0AE-DB3A19B5DD32}"
EndProject
Global
	GlobalSection(SolutionConfigurationPlatforms) = preSolution
		Debug|Any CPU = Debug|Any CPU
		Release|Any CPU = Release|Any CPU
	EndGlobalSection
	GlobalSection(ProjectConfigurationPlatforms) = postSolution
		{5C6ACA3D-32BB-4DC3-8C85-E2AEAD5F3939}.Debug|Any CPU.ActiveCfg = Debug|Any CPU
		{5C6ACA3D-32BB-4DC3-8C85-E2AEAD5F3939}.Debug|Any CPU.Build.0 = Debug|Any CPU
		{5C6ACA3D-32BB-4DC3-8C85-E2AEAD5F3939}.Release|Any CPU.ActiveCfg = Release|Any CPU
		{5C6ACA3D-32BB-4DC3-8C85-E2AEAD5F3939}.Release|Any CPU.Build.0 = Release|Any CPU
		{DEEF1228-EB45-4EAC-A945-6FBE2625D149}.Debug|Any CPU.ActiveCfg = Debug|Any CPU
		{DEEF1228-EB45-4EAC-A945-6FBE2625D149}.Debug|Any CPU.Build.0 = Debug|Any CPU
		{DEEF1228-EB45-4EAC-A945-6FBE2625D149}.Release|Any CPU.ActiveCfg = Release|Any CPU
		{DEEF1228-EB45-4EAC-A945-6FBE2625D149}.Release|Any CPU.Build.0 = Release|Any CPU
		{0967B2E5-C9B0-4741-A0AE-DB3A19B5DD32}.Debug|Any CPU.ActiveCfg = Debug|Any CPU
		{0967B2E5-C9B0-4741-A0AE-DB3A19B5DD32}.Debug|Any CPU.Build.0 = Debug|Any CPU
		{0967B2E5-C9B0-4741-A0AE-DB3A19B5DD32}.Release|Any CPU.ActiveCfg = Release|Any CPU
		{0967B2E5-C9B0-4741-A0AE-DB3A19B5DD32}.Release|Any CPU.Build.0 = Release|Any CPU
	EndGlobalSection
	GlobalSection(SolutionProperties) = preSolution
		HideSolutionNode = FALSE
	EndGlobalSection
	GlobalSection(ExtensibilityGlobals) = postSolution
		SolutionGuid = {C591ACA0-4833-4D57-BC15-8DF92526EE5E}
	EndGlobalSection
EndGlobal
